
Microsoft Visual Studio Solution File, Format Version 12.00
# Visual Studio 15
VisualStudioVersion = 15.0.27030.2
MinimumVisualStudioVersion = 10.0.40219.1
Project("{9A19103F-16F7-4668-BE54-9A1E7A4F7556}") = "Roslyn.SyntaxVisualizer.Control", "src\Tools\SyntaxVisualizer\Roslyn.SyntaxVisualizer.Control\Roslyn.SyntaxVisualizer.Control.csproj", "{3B6ED9E7-C19E-4501-AAE6-9BE4EA6C18D7}"
EndProject
Project("{778DAE3C-4631-46EA-AA77-85C1314464D9}") = "Roslyn.SyntaxVisualizer.DgmlHelper", "src\Tools\SyntaxVisualizer\Roslyn.SyntaxVisualizer.DgmlHelper\Roslyn.SyntaxVisualizer.DgmlHelper.vbproj", "{A098CF55-9DE1-4C92-ADEC-931CFBFA8536}"
EndProject
Project("{9A19103F-16F7-4668-BE54-9A1E7A4F7556}") = "Roslyn.SyntaxVisualizer.Extension", "src\Tools\SyntaxVisualizer\Roslyn.SyntaxVisualizer.Extension\Roslyn.SyntaxVisualizer.Extension.csproj", "{E268163A-17EB-4C14-A892-868ADFB3108E}"
EndProject
Project("{2150E333-8FDC-42A3-9474-1A3956D46DE8}") = "Tools", "Tools", "{DC4EAEF7-A2C9-4628-85FA-809F7287E234}"
EndProject
Project("{2150E333-8FDC-42A3-9474-1A3956D46DE8}") = "SyntaxVisualizer", "SyntaxVisualizer", "{65AB9A87-CEB0-4CC1-BFFE-FBC393C4DA75}"
EndProject
Project("{2150E333-8FDC-42A3-9474-1A3956D46DE8}") = "Templates", "Templates", "{AB77CD09-4C32-4F58-8F07-915F8B050520}"
EndProject
Project("{9A19103F-16F7-4668-BE54-9A1E7A4F7556}") = "Roslyn.SDK.VS2017", "src\Templates\VS2017\Roslyn.SDK.VS2017.csproj", "{44E6D9DB-89FD-41C8-BAEB-5B96AA7793F6}"
EndProject
Project("{9A19103F-16F7-4668-BE54-9A1E7A4F7556}") = "Roslyn.SDK.Template.Wizard", "src\Tools\Roslyn.SDK.Template.Wizard\Roslyn.SDK.Template.Wizard.csproj", "{ECFF0F53-89D5-4D7D-95D0-EAC1514D84E8}"
EndProject
Global
	GlobalSection(SolutionConfigurationPlatforms) = preSolution
		Debug|Any CPU = Debug|Any CPU
		Release|Any CPU = Release|Any CPU
	EndGlobalSection
	GlobalSection(ProjectConfigurationPlatforms) = postSolution
		{3B6ED9E7-C19E-4501-AAE6-9BE4EA6C18D7}.Debug|Any CPU.ActiveCfg = Debug|Any CPU
		{3B6ED9E7-C19E-4501-AAE6-9BE4EA6C18D7}.Debug|Any CPU.Build.0 = Debug|Any CPU
		{3B6ED9E7-C19E-4501-AAE6-9BE4EA6C18D7}.Release|Any CPU.ActiveCfg = Release|Any CPU
		{3B6ED9E7-C19E-4501-AAE6-9BE4EA6C18D7}.Release|Any CPU.Build.0 = Release|Any CPU
		{A098CF55-9DE1-4C92-ADEC-931CFBFA8536}.Debug|Any CPU.ActiveCfg = Debug|Any CPU
		{A098CF55-9DE1-4C92-ADEC-931CFBFA8536}.Debug|Any CPU.Build.0 = Debug|Any CPU
		{A098CF55-9DE1-4C92-ADEC-931CFBFA8536}.Release|Any CPU.ActiveCfg = Release|Any CPU
		{A098CF55-9DE1-4C92-ADEC-931CFBFA8536}.Release|Any CPU.Build.0 = Release|Any CPU
		{E268163A-17EB-4C14-A892-868ADFB3108E}.Debug|Any CPU.ActiveCfg = Debug|Any CPU
		{E268163A-17EB-4C14-A892-868ADFB3108E}.Debug|Any CPU.Build.0 = Debug|Any CPU
		{E268163A-17EB-4C14-A892-868ADFB3108E}.Release|Any CPU.ActiveCfg = Release|Any CPU
		{E268163A-17EB-4C14-A892-868ADFB3108E}.Release|Any CPU.Build.0 = Release|Any CPU
		{44E6D9DB-89FD-41C8-BAEB-5B96AA7793F6}.Debug|Any CPU.ActiveCfg = Debug|Any CPU
		{44E6D9DB-89FD-41C8-BAEB-5B96AA7793F6}.Debug|Any CPU.Build.0 = Debug|Any CPU
		{44E6D9DB-89FD-41C8-BAEB-5B96AA7793F6}.Release|Any CPU.ActiveCfg = Release|Any CPU
		{44E6D9DB-89FD-41C8-BAEB-5B96AA7793F6}.Release|Any CPU.Build.0 = Release|Any CPU
		{ECFF0F53-89D5-4D7D-95D0-EAC1514D84E8}.Debug|Any CPU.ActiveCfg = Debug|Any CPU
		{ECFF0F53-89D5-4D7D-95D0-EAC1514D84E8}.Debug|Any CPU.Build.0 = Debug|Any CPU
		{ECFF0F53-89D5-4D7D-95D0-EAC1514D84E8}.Release|Any CPU.ActiveCfg = Release|Any CPU
		{ECFF0F53-89D5-4D7D-95D0-EAC1514D84E8}.Release|Any CPU.Build.0 = Release|Any CPU
	EndGlobalSection
	GlobalSection(SolutionProperties) = preSolution
		HideSolutionNode = FALSE
	EndGlobalSection
	GlobalSection(NestedProjects) = preSolution
		{3B6ED9E7-C19E-4501-AAE6-9BE4EA6C18D7} = {65AB9A87-CEB0-4CC1-BFFE-FBC393C4DA75}
		{A098CF55-9DE1-4C92-ADEC-931CFBFA8536} = {65AB9A87-CEB0-4CC1-BFFE-FBC393C4DA75}
		{E268163A-17EB-4C14-A892-868ADFB3108E} = {65AB9A87-CEB0-4CC1-BFFE-FBC393C4DA75}
		{65AB9A87-CEB0-4CC1-BFFE-FBC393C4DA75} = {DC4EAEF7-A2C9-4628-85FA-809F7287E234}
		{44E6D9DB-89FD-41C8-BAEB-5B96AA7793F6} = {AB77CD09-4C32-4F58-8F07-915F8B050520}
		{ECFF0F53-89D5-4D7D-95D0-EAC1514D84E8} = {DC4EAEF7-A2C9-4628-85FA-809F7287E234}
	EndGlobalSection
	GlobalSection(ExtensibilityGlobals) = postSolution
		SolutionGuid = {7075E20E-F8B5-460C-8CF0-132F617F386C}
	EndGlobalSection
EndGlobal
