
Microsoft Visual Studio Solution File, Format Version 12.00
# Visual Studio 15
VisualStudioVersion = 15.0.27030.2
MinimumVisualStudioVersion = 10.0.40219.1
Project("{9A19103F-16F7-4668-BE54-9A1E7A4F7556}") = "Roslyn.SyntaxVisualizer.Control", "src\Tools\SyntaxVisualizer\Roslyn.SyntaxVisualizer.Control\Roslyn.SyntaxVisualizer.Control.csproj", "{3B6ED9E7-C19E-4501-AAE6-9BE4EA6C18D7}"
EndProject
Project("{778DAE3C-4631-46EA-AA77-85C1314464D9}") = "Roslyn.SyntaxVisualizer.DgmlHelper", "src\Tools\SyntaxVisualizer\Roslyn.SyntaxVisualizer.DgmlHelper\Roslyn.SyntaxVisualizer.DgmlHelper.vbproj", "{A098CF55-9DE1-4C92-ADEC-931CFBFA8536}"
EndProject
Project("{9A19103F-16F7-4668-BE54-9A1E7A4F7556}") = "Roslyn.SyntaxVisualizer.Extension", "src\Tools\SyntaxVisualizer\Roslyn.SyntaxVisualizer.Extension\Roslyn.SyntaxVisualizer.Extension.csproj", "{E268163A-17EB-4C14-A892-868ADFB3108E}"
EndProject
Project("{2150E333-8FDC-42A3-9474-1A3956D46DE8}") = "Tools", "Tools", "{DC4EAEF7-A2C9-4628-85FA-809F7287E234}"
EndProject
Project("{2150E333-8FDC-42A3-9474-1A3956D46DE8}") = "SyntaxVisualizer", "SyntaxVisualizer", "{65AB9A87-CEB0-4CC1-BFFE-FBC393C4DA75}"
EndProject
Project("{9A19103F-16F7-4668-BE54-9A1E7A4F7556}") = "Roslyn.SDK.VS2015", "src\Templates\VS2015\Roslyn.SDK.VS2015.csproj", "{E31F654A-1D4C-4898-8D3C-7A487F82317E}"
EndProject
Project("{2150E333-8FDC-42A3-9474-1A3956D46DE8}") = "Templates", "Templates", "{AB77CD09-4C32-4F58-8F07-915F8B050520}"
EndProject
Project("{9A19103F-16F7-4668-BE54-9A1E7A4F7556}") = "Roslyn.SDK.VS2017", "src\Templates\VS2017\Roslyn.SDK.VS2017.csproj", "{44E6D9DB-89FD-41C8-BAEB-5B96AA7793F6}"
EndProject
Project("{9A19103F-16F7-4668-BE54-9A1E7A4F7556}") = "Roslyn.SDK.Template.Wizard", "src\Tools\Roslyn.SDK.Template.Wizard\Roslyn.SDK.Template.Wizard.csproj", "{ECFF0F53-89D5-4D7D-95D0-EAC1514D84E8}"
EndProject
Project("{2150E333-8FDC-42A3-9474-1A3956D46DE8}") = "Testing", "Testing", "{68EC2F22-8CE0-4BA0-BA4D-20B00E30A2E0}"
EndProject
Project("{2150E333-8FDC-42A3-9474-1A3956D46DE8}") = "Template.Wizard", "Template.Wizard", "{9375FA34-99D0-4E5C-9E21-8B2E2A4AA4CC}"
EndProject
Project("{9A19103F-16F7-4668-BE54-9A1E7A4F7556}") = "Microsoft.CodeAnalysis.Analyzer.Testing", "src\Tools\Microsoft.CodeAnalysis.Testing\Microsoft.CodeAnalysis.Analyzer.Testing\Microsoft.CodeAnalysis.Analyzer.Testing.csproj", "{C01C63B7-2195-4A7B-B86C-B7863C9DD5FA}"
EndProject
Project("{9A19103F-16F7-4668-BE54-9A1E7A4F7556}") = "Microsoft.CodeAnalysis.Codefix.Testing", "src\Tools\Microsoft.CodeAnalysis.Testing\Microsoft.CodeAnalysis.Codefix.Testing\Microsoft.CodeAnalysis.Codefix.Testing.csproj", "{0489F3AE-F866-4D36-944F-6CCA5D8F2943}"
EndProject
Project("{9A19103F-16F7-4668-BE54-9A1E7A4F7556}") = "Microsoft.CodeAnalysis.CSharp.Analyzer.Testing", "src\Tools\Microsoft.CodeAnalysis.Testing\Microsoft.CodeAnalysis.CSharp.Analyzer.Testing\Microsoft.CodeAnalysis.CSharp.Analyzer.Testing.csproj", "{93FA5FAC-0D19-48BF-941F-3E30695702EF}"
EndProject
Project("{9A19103F-16F7-4668-BE54-9A1E7A4F7556}") = "Microsoft.CodeAnalysis.CSharp.CodeFix.Testing", "src\Tools\Microsoft.CodeAnalysis.Testing\Microsoft.CodeAnalysis.CSharp.CodeFix.Testing\Microsoft.CodeAnalysis.CSharp.CodeFix.Testing.csproj", "{1EF698EE-0A15-4EBB-91CA-624650BFC55A}"
EndProject
Project("{778DAE3C-4631-46EA-AA77-85C1314464D9}") = "Microsoft.CodeAnalysis.VisualBasic.Analyzer.Testing", "src\Tools\Microsoft.CodeAnalysis.Testing\Microsoft.CodeAnalysis.VisualBasic.Analyzer.Testing\Microsoft.CodeAnalysis.VisualBasic.Analyzer.Testing.vbproj", "{0D512A3B-2A1D-4D75-B4CB-50ECC186E3A9}"
EndProject
Project("{778DAE3C-4631-46EA-AA77-85C1314464D9}") = "Microsoft.CodeAnalysis.VisualBasic.Codefix.Testing", "src\Tools\Microsoft.CodeAnalysis.Testing\Microsoft.CodeAnalysis.VisualBasic.Codefix.Testing\Microsoft.CodeAnalysis.VisualBasic.Codefix.Testing.vbproj", "{D2C4711B-FB3B-4AA4-B722-6C6D84FE9BA4}"
EndProject
Project("{9A19103F-16F7-4668-BE54-9A1E7A4F7556}") = "Microsoft.CodeAnalysis.CSharp.Analyzer.Testing.xUnit", "src\Tools\Microsoft.CodeAnalysis.Testing\Microsoft.CodeAnalysis.CSharp.Analyzer.Testing.xUnit\Microsoft.CodeAnalysis.CSharp.Analyzer.Testing.xUnit.csproj", "{837151EA-5A61-45BA-9B1B-CD6BA6F6B64F}"
EndProject
Project("{9A19103F-16F7-4668-BE54-9A1E7A4F7556}") = "Microsoft.CodeAnalysis.Testing.Verifiers.xUnit", "src\Tools\Microsoft.CodeAnalysis.Testing\Microsoft.CodeAnalysis.Testing.Verifiers.xUnit\Microsoft.CodeAnalysis.Testing.Verifiers.xUnit.csproj", "{2D58971E-C90A-465D-802F-B09A57F15CE2}"
EndProject
Project("{9A19103F-16F7-4668-BE54-9A1E7A4F7556}") = "Microsoft.CodeAnalysis.CSharp.Codefix.Testing.xUnit", "src\Tools\Microsoft.CodeAnalysis.Testing\Microsoft.CodeAnalysis.CSharp.Codefix.Testing.xUnit\Microsoft.CodeAnalysis.CSharp.Codefix.Testing.xUnit.csproj", "{1E40980B-3B51-48A4-8A2B-FB4729C52E32}"
EndProject
Project("{778DAE3C-4631-46EA-AA77-85C1314464D9}") = "Microsoft.CodeAnalysis.VisualBasic.Analyzer.Testing.xUnit", "src\Tools\Microsoft.CodeAnalysis.Testing\Microsoft.CodeAnalysis.VisualBasic.Analyzer.Testing.xUnit\Microsoft.CodeAnalysis.VisualBasic.Analyzer.Testing.xUnit.vbproj", "{DBA0F06B-3835-4433-947A-E9904ED48B0A}"
EndProject
Project("{778DAE3C-4631-46EA-AA77-85C1314464D9}") = "Microsoft.CodeAnalysis.VisualBasic.Codefix.Testing.xUnit", "src\Tools\Microsoft.CodeAnalysis.Testing\Microsoft.CodeAnalysis.VisualBasic.Codefix.Testing.xUnit\Microsoft.CodeAnalysis.VisualBasic.Codefix.Testing.xUnit.vbproj", "{A66A5035-72FF-43B3-A12E-A5CDEE878ABD}"
EndProject
Project("{9A19103F-16F7-4668-BE54-9A1E7A4F7556}") = "Microsoft.CodeAnalysis.Testing.Verifiers.MSTest", "src\Tools\Microsoft.CodeAnalysis.Testing\Microsoft.CodeAnalysis.Testing.Verifiers.MSTest\Microsoft.CodeAnalysis.Testing.Verifiers.MSTest.csproj", "{9DD18FDC-B1FA-4293-AF22-D3018FD05438}"
EndProject
Project("{9A19103F-16F7-4668-BE54-9A1E7A4F7556}") = "Microsoft.CodeAnalysis.CSharp.Analyzer.Testing.MSTest", "src\Tools\Microsoft.CodeAnalysis.Testing\Microsoft.CodeAnalysis.CSharp.Analyzer.Testing.MSTest\Microsoft.CodeAnalysis.CSharp.Analyzer.Testing.MSTest.csproj", "{2F3F5834-5D8E-479B-A321-B0895B2988C7}"
EndProject
Project("{9A19103F-16F7-4668-BE54-9A1E7A4F7556}") = "Microsoft.CodeAnalysis.CSharp.Codefix.Testing.MSTest", "src\Tools\Microsoft.CodeAnalysis.Testing\Microsoft.CodeAnalysis.CSharp.Codefix.Testing.MSTest\Microsoft.CodeAnalysis.CSharp.Codefix.Testing.MSTest.csproj", "{11A91EC2-A022-4575-9AA5-A2EDB76C33CA}"
EndProject
Project("{2150E333-8FDC-42A3-9474-1A3956D46DE8}") = "Common", "Common", "{C8CABE1E-E5D8-41BF-934F-90F829482376}"
EndProject
Project("{2150E333-8FDC-42A3-9474-1A3956D46DE8}") = "CSharp", "CSharp", "{F71DFC4B-905A-4D0C-913F-6DB9743695F0}"
EndProject
Project("{2150E333-8FDC-42A3-9474-1A3956D46DE8}") = "xUnit", "xUnit", "{A7AF7E27-F8E0-4713-9538-DDC08C47200B}"
EndProject
Project("{2150E333-8FDC-42A3-9474-1A3956D46DE8}") = "CSharp", "CSharp", "{0B73A100-46C1-4DCD-9B23-018D67896ED6}"
EndProject
Project("{2150E333-8FDC-42A3-9474-1A3956D46DE8}") = "VisualBasic", "VisualBasic", "{8A157868-2CBB-4EC4-9CCF-6C5CEF30CBA9}"
EndProject
Project("{2150E333-8FDC-42A3-9474-1A3956D46DE8}") = "MSTest", "MSTest", "{3AED2FAF-B33B-4CEC-A409-233740AA240C}"
EndProject
Project("{2150E333-8FDC-42A3-9474-1A3956D46DE8}") = "CSharp", "CSharp", "{FB1BB7B4-99A4-4AC1-9345-AF5DC4F045D9}"
EndProject
Project("{2150E333-8FDC-42A3-9474-1A3956D46DE8}") = "visualBasic", "visualBasic", "{0E639BE0-953E-4B08-A1EF-DC4CE6AD8E9C}"
EndProject
Project("{2150E333-8FDC-42A3-9474-1A3956D46DE8}") = "VisualBasic", "VisualBasic", "{651B4BEC-2CC4-4B0D-9452-411A25562DB6}"
EndProject
Project("{778DAE3C-4631-46EA-AA77-85C1314464D9}") = "Microsoft.CodeAnalysis.VisualBasic.Analyzer.Testing.MSTest", "src\Tools\Microsoft.CodeAnalysis.Testing\Microsoft.CodeAnalysis.VisualBasic.Analyzer.Testing.MSTest\Microsoft.CodeAnalysis.VisualBasic.Analyzer.Testing.MSTest.vbproj", "{9594549C-3DF8-453F-A4AA-CCAD2BA0BCE8}"
EndProject
Project("{778DAE3C-4631-46EA-AA77-85C1314464D9}") = "Microsoft.CodeAnalysis.VisualBasic.Codefix.Testing.MSTest", "src\Tools\Microsoft.CodeAnalysis.Testing\Microsoft.CodeAnalysis.VisualBasic.Codefix.Testing.MSTest\Microsoft.CodeAnalysis.VisualBasic.Codefix.Testing.MSTest.vbproj", "{23272590-28BB-46A0-B9D1-4E8AA91D208C}"
EndProject
Project("{2150E333-8FDC-42A3-9474-1A3956D46DE8}") = "NUnit", "NUnit", "{61A3341C-57E6-4C02-BDA1-13ACE585BB4A}"
EndProject
Project("{9A19103F-16F7-4668-BE54-9A1E7A4F7556}") = "Microsoft.CodeAnalysis.Testing.Verifiers.NUnit", "src\Tools\Microsoft.CodeAnalysis.Testing\Microsoft.CodeAnalysis.Testing.Verifiers.NUnit\Microsoft.CodeAnalysis.Testing.Verifiers.NUnit.csproj", "{5C8D8B2B-EA44-4C2B-A934-B119B33F083D}"
EndProject
Project("{2150E333-8FDC-42A3-9474-1A3956D46DE8}") = "CSharp", "CSharp", "{19217AA9-4EF3-4F37-8664-EBC16FF99D42}"
EndProject
Project("{2150E333-8FDC-42A3-9474-1A3956D46DE8}") = "VisualBasic", "VisualBasic", "{BF4B9B19-3335-4D90-92C2-362650920629}"
EndProject
Project("{2150E333-8FDC-42A3-9474-1A3956D46DE8}") = "TestFrameworks", "TestFrameworks", "{F68AD402-4C02-4CAB-9084-DB026E8C2593}"
EndProject
Project("{9A19103F-16F7-4668-BE54-9A1E7A4F7556}") = "Microsoft.CodeAnalysis.CSharp.Analyzer.Testing.NUnit", "src\Tools\Microsoft.CodeAnalysis.Testing\Microsoft.CodeAnalysis.CSharp.Analyzer.Testing.NUnit\Microsoft.CodeAnalysis.CSharp.Analyzer.Testing.NUnit.csproj", "{DE964D07-AD59-4940-98C8-72AD4CDB4726}"
EndProject
Project("{9A19103F-16F7-4668-BE54-9A1E7A4F7556}") = "Microsoft.CodeAnalysis.CSharp.Codefix.Testing.NUnit", "src\Tools\Microsoft.CodeAnalysis.Testing\Microsoft.CodeAnalysis.CSharp.Codefix.Testing.NUnit\Microsoft.CodeAnalysis.CSharp.Codefix.Testing.NUnit.csproj", "{7DDF1D87-2D75-4493-A6F1-9E0E66F7C350}"
EndProject
Project("{778DAE3C-4631-46EA-AA77-85C1314464D9}") = "Microsoft.CodeAnalysis.VisualBasic.Analyzer.Testing.NUnit", "src\Tools\Microsoft.CodeAnalysis.Testing\Microsoft.CodeAnalysis.VisualBasic.Analyzer.Testing.NUnit\Microsoft.CodeAnalysis.VisualBasic.Analyzer.Testing.NUnit.vbproj", "{06875E62-AA7D-485D-A654-F7AC561F794A}"
EndProject
Project("{778DAE3C-4631-46EA-AA77-85C1314464D9}") = "Microsoft.CodeAnalysis.VisualBasic.Codefix.Testing.NUnit", "src\Tools\Microsoft.CodeAnalysis.Testing\Microsoft.CodeAnalysis.VisualBasic.Codefix.Testing.NUnit\Microsoft.CodeAnalysis.VisualBasic.Codefix.Testing.NUnit.vbproj", "{A09B3448-F5D5-4254-ACDD-B4BB4F2A1BBF}"
EndProject
Project("{2150E333-8FDC-42A3-9474-1A3956D46DE8}") = "CSharp", "CSharp", "{C3FB27E9-C8EE-4F76-B0AA-7CD67A7E652B}"
EndProject
Project("{2150E333-8FDC-42A3-9474-1A3956D46DE8}") = "Analyzers", "Analyzers", "{011210AA-E610-412F-8429-9A0A1A535F1D}"
EndProject
Project("{2150E333-8FDC-42A3-9474-1A3956D46DE8}") = "MakeConst", "MakeConst", "{6D60DBCE-E362-489E-B78F-9DABAF03F5FD}"
EndProject
Project("{2150E333-8FDC-42A3-9474-1A3956D46DE8}") = "ConvertToAutoProperty", "ConvertToAutoProperty", "{2BF6DA5F-ECCB-4DD3-936D-AF491EA0737E}"
EndProject
Project("{2150E333-8FDC-42A3-9474-1A3956D46DE8}") = "Shared", "Shared", "{A54A1AB7-DBD6-4C31-A22E-C53674137C53}"
EndProject
Project("{2150E333-8FDC-42A3-9474-1A3956D46DE8}") = "ConvertToConditional", "ConvertToConditional", "{20698A66-3CA3-4400-879F-76604C97D6EA}"
EndProject
Project("{2150E333-8FDC-42A3-9474-1A3956D46DE8}") = "RefOutModifier", "RefOutModifier", "{880D64DA-1F67-4406-A86A-B97464B0380E}"
EndProject
Project("{2150E333-8FDC-42A3-9474-1A3956D46DE8}") = "CSharpToVisualBasicConverter", "CSharpToVisualBasicConverter", "{D7541FAE-D6D7-41AD-B0D6-A83A1B8A628D}"
EndProject
Project("{2150E333-8FDC-42A3-9474-1A3956D46DE8}") = "VisualBasic", "VisualBasic", "{CDA94F62-E35A-4913-8045-D9D42416513C}"
EndProject
Project("{2150E333-8FDC-42A3-9474-1A3956D46DE8}") = "Analyzers", "Analyzers", "{FDCF8D27-D24F-41BB-8A21-22D83D062E9F}"
EndProject
Project("{9A19103F-16F7-4668-BE54-9A1E7A4F7556}") = "Analyzers.CSharp", "samples\CSharp\Analyzers\Analyzers.Implementation\Analyzers.CSharp.csproj", "{2DDE4D5E-9CB8-4E01-ABAA-D39DAA018A16}"
EndProject
Project("{9A19103F-16F7-4668-BE54-9A1E7A4F7556}") = "Analyzers.CSharp.Tests", "samples\CSharp\Analyzers\Analyzers.Test\Analyzers.CSharp.Tests.csproj", "{0E5363B6-DE8C-42B5-9FD3-A2F02CB67001}"
EndProject
Project("{9A19103F-16F7-4668-BE54-9A1E7A4F7556}") = "Analyzers.CSharp.Vsix", "samples\CSharp\Analyzers\Analyzers.Vsix\Analyzers.CSharp.Vsix.csproj", "{D3C8EE30-8885-43F4-9C76-0D66A13FC4EA}"
EndProject
Project("{9A19103F-16F7-4668-BE54-9A1E7A4F7556}") = "ConvertToAutoProperty.CSharp", "samples\CSharp\ConvertToAutoProperty\ConvertToAutoProperty.Implementation\ConvertToAutoProperty.CSharp.csproj", "{827CDC89-B2BE-41E1-ABC2-792BA5B3A507}"
EndProject
Project("{9A19103F-16F7-4668-BE54-9A1E7A4F7556}") = "ConvertToAutoProperty.CSharp.Vsix", "samples\CSharp\ConvertToAutoProperty\ConvertToAutoProperty.Vsix\ConvertToAutoProperty.CSharp.Vsix.csproj", "{9DBD9E20-1C7D-4105-85CF-1F21660E1DE9}"
EndProject
Project("{9A19103F-16F7-4668-BE54-9A1E7A4F7556}") = "ConvertToConditional.CSharp", "samples\CSharp\ConvertToConditional\ConvertToConditional.Implementation\ConvertToConditional.CSharp.csproj", "{1305FEEC-7DED-46A9-89C2-2544E8BECEA3}"
EndProject
Project("{9A19103F-16F7-4668-BE54-9A1E7A4F7556}") = "ConvertToConditional.CSharp.Tests", "samples\CSharp\ConvertToConditional\ConvertToConditional.Test\ConvertToConditional.CSharp.Tests.csproj", "{2B6860EC-C15D-4E56-A5A2-6399F502B4FA}"
EndProject
Project("{9A19103F-16F7-4668-BE54-9A1E7A4F7556}") = "ConvertToConditional.CSharp.Vsix", "samples\CSharp\ConvertToConditional\ConvertToConditional.Vsix\ConvertToConditional.CSharp.Vsix.csproj", "{D49B7CE5-5292-4EEA-AE1E-5B55C5E059D5}"
EndProject
Project("{9A19103F-16F7-4668-BE54-9A1E7A4F7556}") = "MakeConst.CSharp", "samples\CSharp\MakeConst\MakeConst.Implementation\MakeConst.CSharp.csproj", "{80612064-35D2-4FFD-ABCC-2953A84A825F}"
EndProject
Project("{9A19103F-16F7-4668-BE54-9A1E7A4F7556}") = "MakeConst.CSharp.Vsix", "samples\CSharp\MakeConst\MakeConst.Vsix\MakeConst.CSharp.Vsix.csproj", "{683D55F6-A035-48A5-B989-9B549DB7F53D}"
EndProject
Project("{9A19103F-16F7-4668-BE54-9A1E7A4F7556}") = "RefOutModifier.CSharp", "samples\CSharp\RefOutModifier\RefOutModifier.Implementation\RefOutModifier.CSharp.csproj", "{E2040FD9-5CF1-4500-9D55-D8994F1EF328}"
EndProject
Project("{9A19103F-16F7-4668-BE54-9A1E7A4F7556}") = "RefOutModifier.CSharp.Vsix", "samples\CSharp\RefOutModifier\RefOutModifier.Vsix\RefOutModifier.CSharp.Vsix.csproj", "{DE024511-D4E4-4C3D-89DC-37C3A8AA8198}"
EndProject
Project("{9A19103F-16F7-4668-BE54-9A1E7A4F7556}") = "APISamples.CSharp", "samples\CSharp\APISamples\APISamples.CSharp.csproj", "{2A953FCA-A243-4013-85E5-1CF6B1677BB2}"
EndProject
Project("{9A19103F-16F7-4668-BE54-9A1E7A4F7556}") = "ConsoleClassifier.CSharp", "samples\CSharp\ConsoleClassifier\ConsoleClassifier.CSharp.csproj", "{DD8B331A-75C8-4F49-88A5-541D6FF88BFF}"
EndProject
Project("{9A19103F-16F7-4668-BE54-9A1E7A4F7556}") = "FormatSolution.CSharp", "samples\CSharp\FormatSolution\FormatSolution.CSharp.csproj", "{AED8172B-C125-46E9-AA69-A8F18C7914A0}"
EndProject
Project("{9A19103F-16F7-4668-BE54-9A1E7A4F7556}") = "TreeTransforms.CSharp", "samples\CSharp\TreeTransforms\TreeTransforms.CSharp.csproj", "{530E151F-3B74-4A9A-896E-79B56E10913B}"
EndProject
Project("{9A19103F-16F7-4668-BE54-9A1E7A4F7556}") = "Roslyn.UnitTestFramework", "samples\Shared\UnitTestFramework\Roslyn.UnitTestFramework.csproj", "{0E033582-88DD-4BC6-A3C5-5B68519FB230}"
EndProject
Project("{778DAE3C-4631-46EA-AA77-85C1314464D9}") = "Analyzers.VisualBasic", "samples\VisualBasic\Analyzers\Analyzers.Implementation\Analyzers.VisualBasic.vbproj", "{5AE04F72-8546-4CFD-8420-A30201B29017}"
EndProject
Project("{778DAE3C-4631-46EA-AA77-85C1314464D9}") = "Analyzers.VisualBasic.Tests", "samples\VisualBasic\Analyzers\Analyzers.Test\Analyzers.VisualBasic.Tests.vbproj", "{81D803E8-0E44-4A1A-B494-F7DFAFD7B575}"
EndProject
Project("{778DAE3C-4631-46EA-AA77-85C1314464D9}") = "Analyzers.VisualBasic.Vsix", "samples\VisualBasic\Analyzers\Analyzers.Vsix\Analyzers.VisualBasic.Vsix.vbproj", "{7F1EE22F-ABE3-46A7-BA81-DE9E778D9BE4}"
EndProject
Project("{778DAE3C-4631-46EA-AA77-85C1314464D9}") = "APISamples.VisualBasic", "samples\VisualBasic\APISamples\APISamples.VisualBasic.vbproj", "{EF7EAD2E-6B2A-46AB-B788-47D3E868E553}"
EndProject
Project("{9A19103F-16F7-4668-BE54-9A1E7A4F7556}") = "CSharpToVisualBasicConverter", "samples\CSharp\CSharpToVisualBasicConverter\CSharpToVisualBasicConverter.Lib\CSharpToVisualBasicConverter.csproj", "{404161BB-90BF-4DE0-916E-6AC37F45B4E1}"
EndProject
Project("{9A19103F-16F7-4668-BE54-9A1E7A4F7556}") = "CSharpToVisualBasicConverter.Tests", "samples\CSharp\CSharpToVisualBasicConverter\CSharpToVisualBasicConverter.Test\CSharpToVisualBasicConverter.Tests.csproj", "{91FCE068-24D9-4452-9629-40420206620C}"
EndProject
Project("{778DAE3C-4631-46EA-AA77-85C1314464D9}") = "ConsoleClassifier.VisualBasic", "samples\VisualBasic\ConsoleClassifier\ConsoleClassifier.VisualBasic.vbproj", "{AE1C0659-7CBF-4DD1-BBFE-D7A2273822E1}"
EndProject
Project("{2150E333-8FDC-42A3-9474-1A3956D46DE8}") = "ConvertToAutoProperty", "ConvertToAutoProperty", "{D4494BA9-BD06-4A1D-95B2-A4E10724593F}"
EndProject
Project("{778DAE3C-4631-46EA-AA77-85C1314464D9}") = "ConvertToAutoProperty.VisualBasic", "samples\VisualBasic\ConvertToAutoProperty\ConvertToAutoProperty\ConvertToAutoProperty.VisualBasic.vbproj", "{C7811972-6954-4E90-83AC-6365DDA519B4}"
EndProject
Project("{778DAE3C-4631-46EA-AA77-85C1314464D9}") = "ConvertToAutoProperty.VisualBasic.Vsix", "samples\VisualBasic\ConvertToAutoProperty\ConvertToAutoProperty.Vsix\ConvertToAutoProperty.VisualBasic.Vsix.vbproj", "{B090C3E7-7DA0-4CDB-AC9E-903BDCB20DB8}"
EndProject
Project("{778DAE3C-4631-46EA-AA77-85C1314464D9}") = "FormatSolution.VisualBasic", "samples\VisualBasic\FormatSolution\FormatSolution.VisualBasic.vbproj", "{AE4D8D13-B58C-4B0F-B326-13D002505E58}"
EndProject
Project("{2150E333-8FDC-42A3-9474-1A3956D46DE8}") = "ImplementNotifyPropertyChanged", "ImplementNotifyPropertyChanged", "{01759F21-28C9-4934-A4DC-B9948C9DB803}"
EndProject
Project("{778DAE3C-4631-46EA-AA77-85C1314464D9}") = "ImplementNotifyPropertyChanged.VisualBasic", "samples\VisualBasic\ImplementNotifyPropertyChanged\ImplementNotifyPropertyChanged\ImplementNotifyPropertyChanged.VisualBasic.vbproj", "{22D1F704-48D2-495B-8ECD-43DA4F615211}"
EndProject
Project("{778DAE3C-4631-46EA-AA77-85C1314464D9}") = "ImplementNotifyPropertyChanged.VisualBasic.Vsix", "samples\VisualBasic\ImplementNotifyPropertyChanged\ImplementNotifyPropertyChanged.Vsix\ImplementNotifyPropertyChanged.VisualBasic.Vsix.vbproj", "{4C700A07-C81B-44D5-8C9F-BD874775C57B}"
EndProject
Project("{2150E333-8FDC-42A3-9474-1A3956D46DE8}") = "ImplementNotifyPropertyChanged", "ImplementNotifyPropertyChanged", "{01998C95-7806-4BED-811D-70D4F8B1E112}"
EndProject
Project("{9A19103F-16F7-4668-BE54-9A1E7A4F7556}") = "ImplementNotifyPropertyChanged.CSharp", "samples\CSharp\ImplementNotifyPropertyChanged\ImplementNotifyPropertyChanged\ImplementNotifyPropertyChanged.CSharp.csproj", "{7F30B89A-FFC5-4645-8273-FF12BCC2BD04}"
EndProject
Project("{9A19103F-16F7-4668-BE54-9A1E7A4F7556}") = "ImplementNotifyPropertyChanged.CSharp.Vsix", "samples\CSharp\ImplementNotifyPropertyChanged\ImplementNotifyPropertyChanged.Vsix\ImplementNotifyPropertyChanged.CSharp.Vsix.csproj", "{1396AC51-E385-4894-A354-9D566189DDEB}"
EndProject
Project("{778DAE3C-4631-46EA-AA77-85C1314464D9}") = "TreeTransforms.VisualBasic", "samples\VisualBasic\TreeTransforms\TreeTransforms.VisualBasic.vbproj", "{996E8EDA-D925-45BB-B64A-079381A2BC7A}"
EndProject
Project("{2150E333-8FDC-42A3-9474-1A3956D46DE8}") = "RemoveByVal", "RemoveByVal", "{64885FF2-EE63-4433-A890-7903B9E8AFBC}"
EndProject
Project("{778DAE3C-4631-46EA-AA77-85C1314464D9}") = "RemoveByVal.VisualBasic", "samples\VisualBasic\RemoveByVal\RemoveByVal\RemoveByVal.VisualBasic.vbproj", "{54FEC454-DC25-4700-B315-E576F1860C41}"
EndProject
Project("{778DAE3C-4631-46EA-AA77-85C1314464D9}") = "RemoveByVal.VisualBasic.Vsix", "samples\VisualBasic\RemoveByVal\RemoveByVal.Vsix\RemoveByVal.VisualBasic.Vsix.vbproj", "{BD5C5824-470E-4451-BC21-5E50892905E9}"
EndProject
Project("{2150E333-8FDC-42A3-9474-1A3956D46DE8}") = "MakeConst", "MakeConst", "{8E328BEA-C8D7-4F4B-A357-4A84CAF76EDE}"
EndProject
Project("{778DAE3C-4631-46EA-AA77-85C1314464D9}") = "MakeConst.VisualBasic", "samples\VisualBasic\MakeConst\MakeConst\MakeConst.VisualBasic.vbproj", "{AB0EC03A-DC42-448D-BECA-C764DC6461EE}"
EndProject
Project("{778DAE3C-4631-46EA-AA77-85C1314464D9}") = "MakeConst.VisualBasic.Tests", "samples\VisualBasic\MakeConst\MakeConst.Test\MakeConst.VisualBasic.Tests.vbproj", "{20E6E463-CC7E-4A74-98BF-DF956D651360}"
EndProject
Project("{778DAE3C-4631-46EA-AA77-85C1314464D9}") = "MakeConst.VisualBasic.Vsix", "samples\VisualBasic\MakeConst\MakeConst.Vsix\MakeConst.VisualBasic.Vsix.vbproj", "{9C74F8EA-E6C7-448C-BC04-29F4CE9DC994}"
EndProject
Project("{2150E333-8FDC-42A3-9474-1A3956D46DE8}") = "VisualBasicToCSharpConverter", "VisualBasicToCSharpConverter", "{8E1C9AEC-6EF1-43A8-A378-52C5C0E40532}"
EndProject
Project("{778DAE3C-4631-46EA-AA77-85C1314464D9}") = "VisualBasicToCSharpConverter.Lib", "samples\VisualBasic\VisualBasicToCSharpConverter\VisualBasicToCSharpConverter.Lib\VisualBasicToCSharpConverter.Lib.vbproj", "{ECB83742-8023-4609-B139-D7B78DD66ED9}"
EndProject
Project("{778DAE3C-4631-46EA-AA77-85C1314464D9}") = "VisualBasicToCSharpConverter.Tests", "samples\VisualBasic\VisualBasicToCSharpConverter\VisualBasicToCSharpConverter.Test\VisualBasicToCSharpConverter.Tests.vbproj", "{5B7D7569-B5EE-4C01-9AFA-BC1958588160}"
EndProject
Project("{9A19103F-16F7-4668-BE54-9A1E7A4F7556}") = "SolutionExplorer", "samples\CSharp\SolutionExplorer\SolutionExplorer.csproj", "{B0474F4F-A6A9-4F10-BC49-CE2957201DBB}"
EndProject
Global
	GlobalSection(SolutionConfigurationPlatforms) = preSolution
		Debug|Any CPU = Debug|Any CPU
		Release|Any CPU = Release|Any CPU
	EndGlobalSection
	GlobalSection(ProjectConfigurationPlatforms) = postSolution
		{3B6ED9E7-C19E-4501-AAE6-9BE4EA6C18D7}.Debug|Any CPU.ActiveCfg = Debug|Any CPU
		{3B6ED9E7-C19E-4501-AAE6-9BE4EA6C18D7}.Debug|Any CPU.Build.0 = Debug|Any CPU
		{3B6ED9E7-C19E-4501-AAE6-9BE4EA6C18D7}.Release|Any CPU.ActiveCfg = Release|Any CPU
		{3B6ED9E7-C19E-4501-AAE6-9BE4EA6C18D7}.Release|Any CPU.Build.0 = Release|Any CPU
		{A098CF55-9DE1-4C92-ADEC-931CFBFA8536}.Debug|Any CPU.ActiveCfg = Debug|Any CPU
		{A098CF55-9DE1-4C92-ADEC-931CFBFA8536}.Debug|Any CPU.Build.0 = Debug|Any CPU
		{A098CF55-9DE1-4C92-ADEC-931CFBFA8536}.Release|Any CPU.ActiveCfg = Release|Any CPU
		{A098CF55-9DE1-4C92-ADEC-931CFBFA8536}.Release|Any CPU.Build.0 = Release|Any CPU
		{E268163A-17EB-4C14-A892-868ADFB3108E}.Debug|Any CPU.ActiveCfg = Debug|Any CPU
		{E268163A-17EB-4C14-A892-868ADFB3108E}.Debug|Any CPU.Build.0 = Debug|Any CPU
		{E268163A-17EB-4C14-A892-868ADFB3108E}.Release|Any CPU.ActiveCfg = Release|Any CPU
		{E268163A-17EB-4C14-A892-868ADFB3108E}.Release|Any CPU.Build.0 = Release|Any CPU
		{E31F654A-1D4C-4898-8D3C-7A487F82317E}.Debug|Any CPU.ActiveCfg = Debug|Any CPU
		{E31F654A-1D4C-4898-8D3C-7A487F82317E}.Debug|Any CPU.Build.0 = Debug|Any CPU
		{E31F654A-1D4C-4898-8D3C-7A487F82317E}.Release|Any CPU.ActiveCfg = Release|Any CPU
		{E31F654A-1D4C-4898-8D3C-7A487F82317E}.Release|Any CPU.Build.0 = Release|Any CPU
		{44E6D9DB-89FD-41C8-BAEB-5B96AA7793F6}.Debug|Any CPU.ActiveCfg = Debug|Any CPU
		{44E6D9DB-89FD-41C8-BAEB-5B96AA7793F6}.Debug|Any CPU.Build.0 = Debug|Any CPU
		{44E6D9DB-89FD-41C8-BAEB-5B96AA7793F6}.Release|Any CPU.ActiveCfg = Release|Any CPU
		{44E6D9DB-89FD-41C8-BAEB-5B96AA7793F6}.Release|Any CPU.Build.0 = Release|Any CPU
		{ECFF0F53-89D5-4D7D-95D0-EAC1514D84E8}.Debug|Any CPU.ActiveCfg = Debug|Any CPU
		{ECFF0F53-89D5-4D7D-95D0-EAC1514D84E8}.Debug|Any CPU.Build.0 = Debug|Any CPU
		{ECFF0F53-89D5-4D7D-95D0-EAC1514D84E8}.Release|Any CPU.ActiveCfg = Release|Any CPU
		{ECFF0F53-89D5-4D7D-95D0-EAC1514D84E8}.Release|Any CPU.Build.0 = Release|Any CPU
		{C01C63B7-2195-4A7B-B86C-B7863C9DD5FA}.Debug|Any CPU.ActiveCfg = Debug|Any CPU
		{C01C63B7-2195-4A7B-B86C-B7863C9DD5FA}.Debug|Any CPU.Build.0 = Debug|Any CPU
		{C01C63B7-2195-4A7B-B86C-B7863C9DD5FA}.Release|Any CPU.ActiveCfg = Release|Any CPU
		{C01C63B7-2195-4A7B-B86C-B7863C9DD5FA}.Release|Any CPU.Build.0 = Release|Any CPU
		{0489F3AE-F866-4D36-944F-6CCA5D8F2943}.Debug|Any CPU.ActiveCfg = Debug|Any CPU
		{0489F3AE-F866-4D36-944F-6CCA5D8F2943}.Debug|Any CPU.Build.0 = Debug|Any CPU
		{0489F3AE-F866-4D36-944F-6CCA5D8F2943}.Release|Any CPU.ActiveCfg = Release|Any CPU
		{0489F3AE-F866-4D36-944F-6CCA5D8F2943}.Release|Any CPU.Build.0 = Release|Any CPU
		{93FA5FAC-0D19-48BF-941F-3E30695702EF}.Debug|Any CPU.ActiveCfg = Debug|Any CPU
		{93FA5FAC-0D19-48BF-941F-3E30695702EF}.Debug|Any CPU.Build.0 = Debug|Any CPU
		{93FA5FAC-0D19-48BF-941F-3E30695702EF}.Release|Any CPU.ActiveCfg = Release|Any CPU
		{93FA5FAC-0D19-48BF-941F-3E30695702EF}.Release|Any CPU.Build.0 = Release|Any CPU
		{1EF698EE-0A15-4EBB-91CA-624650BFC55A}.Debug|Any CPU.ActiveCfg = Debug|Any CPU
		{1EF698EE-0A15-4EBB-91CA-624650BFC55A}.Debug|Any CPU.Build.0 = Debug|Any CPU
		{1EF698EE-0A15-4EBB-91CA-624650BFC55A}.Release|Any CPU.ActiveCfg = Release|Any CPU
		{1EF698EE-0A15-4EBB-91CA-624650BFC55A}.Release|Any CPU.Build.0 = Release|Any CPU
		{0D512A3B-2A1D-4D75-B4CB-50ECC186E3A9}.Debug|Any CPU.ActiveCfg = Debug|Any CPU
		{0D512A3B-2A1D-4D75-B4CB-50ECC186E3A9}.Debug|Any CPU.Build.0 = Debug|Any CPU
		{0D512A3B-2A1D-4D75-B4CB-50ECC186E3A9}.Release|Any CPU.ActiveCfg = Release|Any CPU
		{0D512A3B-2A1D-4D75-B4CB-50ECC186E3A9}.Release|Any CPU.Build.0 = Release|Any CPU
		{D2C4711B-FB3B-4AA4-B722-6C6D84FE9BA4}.Debug|Any CPU.ActiveCfg = Debug|Any CPU
		{D2C4711B-FB3B-4AA4-B722-6C6D84FE9BA4}.Debug|Any CPU.Build.0 = Debug|Any CPU
		{D2C4711B-FB3B-4AA4-B722-6C6D84FE9BA4}.Release|Any CPU.ActiveCfg = Release|Any CPU
		{D2C4711B-FB3B-4AA4-B722-6C6D84FE9BA4}.Release|Any CPU.Build.0 = Release|Any CPU
		{837151EA-5A61-45BA-9B1B-CD6BA6F6B64F}.Debug|Any CPU.ActiveCfg = Debug|Any CPU
		{837151EA-5A61-45BA-9B1B-CD6BA6F6B64F}.Debug|Any CPU.Build.0 = Debug|Any CPU
		{837151EA-5A61-45BA-9B1B-CD6BA6F6B64F}.Release|Any CPU.ActiveCfg = Release|Any CPU
		{837151EA-5A61-45BA-9B1B-CD6BA6F6B64F}.Release|Any CPU.Build.0 = Release|Any CPU
		{2D58971E-C90A-465D-802F-B09A57F15CE2}.Debug|Any CPU.ActiveCfg = Debug|Any CPU
		{2D58971E-C90A-465D-802F-B09A57F15CE2}.Debug|Any CPU.Build.0 = Debug|Any CPU
		{2D58971E-C90A-465D-802F-B09A57F15CE2}.Release|Any CPU.ActiveCfg = Release|Any CPU
		{2D58971E-C90A-465D-802F-B09A57F15CE2}.Release|Any CPU.Build.0 = Release|Any CPU
		{1E40980B-3B51-48A4-8A2B-FB4729C52E32}.Debug|Any CPU.ActiveCfg = Debug|Any CPU
		{1E40980B-3B51-48A4-8A2B-FB4729C52E32}.Debug|Any CPU.Build.0 = Debug|Any CPU
		{1E40980B-3B51-48A4-8A2B-FB4729C52E32}.Release|Any CPU.ActiveCfg = Release|Any CPU
		{1E40980B-3B51-48A4-8A2B-FB4729C52E32}.Release|Any CPU.Build.0 = Release|Any CPU
		{DBA0F06B-3835-4433-947A-E9904ED48B0A}.Debug|Any CPU.ActiveCfg = Debug|Any CPU
		{DBA0F06B-3835-4433-947A-E9904ED48B0A}.Debug|Any CPU.Build.0 = Debug|Any CPU
		{DBA0F06B-3835-4433-947A-E9904ED48B0A}.Release|Any CPU.ActiveCfg = Release|Any CPU
		{DBA0F06B-3835-4433-947A-E9904ED48B0A}.Release|Any CPU.Build.0 = Release|Any CPU
		{A66A5035-72FF-43B3-A12E-A5CDEE878ABD}.Debug|Any CPU.ActiveCfg = Debug|Any CPU
		{A66A5035-72FF-43B3-A12E-A5CDEE878ABD}.Debug|Any CPU.Build.0 = Debug|Any CPU
		{A66A5035-72FF-43B3-A12E-A5CDEE878ABD}.Release|Any CPU.ActiveCfg = Release|Any CPU
		{A66A5035-72FF-43B3-A12E-A5CDEE878ABD}.Release|Any CPU.Build.0 = Release|Any CPU
		{9DD18FDC-B1FA-4293-AF22-D3018FD05438}.Debug|Any CPU.ActiveCfg = Debug|Any CPU
		{9DD18FDC-B1FA-4293-AF22-D3018FD05438}.Debug|Any CPU.Build.0 = Debug|Any CPU
		{9DD18FDC-B1FA-4293-AF22-D3018FD05438}.Release|Any CPU.ActiveCfg = Release|Any CPU
		{9DD18FDC-B1FA-4293-AF22-D3018FD05438}.Release|Any CPU.Build.0 = Release|Any CPU
		{2F3F5834-5D8E-479B-A321-B0895B2988C7}.Debug|Any CPU.ActiveCfg = Debug|Any CPU
		{2F3F5834-5D8E-479B-A321-B0895B2988C7}.Debug|Any CPU.Build.0 = Debug|Any CPU
		{2F3F5834-5D8E-479B-A321-B0895B2988C7}.Release|Any CPU.ActiveCfg = Release|Any CPU
		{2F3F5834-5D8E-479B-A321-B0895B2988C7}.Release|Any CPU.Build.0 = Release|Any CPU
		{11A91EC2-A022-4575-9AA5-A2EDB76C33CA}.Debug|Any CPU.ActiveCfg = Debug|Any CPU
		{11A91EC2-A022-4575-9AA5-A2EDB76C33CA}.Debug|Any CPU.Build.0 = Debug|Any CPU
		{11A91EC2-A022-4575-9AA5-A2EDB76C33CA}.Release|Any CPU.ActiveCfg = Release|Any CPU
		{11A91EC2-A022-4575-9AA5-A2EDB76C33CA}.Release|Any CPU.Build.0 = Release|Any CPU
		{9594549C-3DF8-453F-A4AA-CCAD2BA0BCE8}.Debug|Any CPU.ActiveCfg = Debug|Any CPU
		{9594549C-3DF8-453F-A4AA-CCAD2BA0BCE8}.Debug|Any CPU.Build.0 = Debug|Any CPU
		{9594549C-3DF8-453F-A4AA-CCAD2BA0BCE8}.Release|Any CPU.ActiveCfg = Release|Any CPU
		{9594549C-3DF8-453F-A4AA-CCAD2BA0BCE8}.Release|Any CPU.Build.0 = Release|Any CPU
		{23272590-28BB-46A0-B9D1-4E8AA91D208C}.Debug|Any CPU.ActiveCfg = Debug|Any CPU
		{23272590-28BB-46A0-B9D1-4E8AA91D208C}.Debug|Any CPU.Build.0 = Debug|Any CPU
		{23272590-28BB-46A0-B9D1-4E8AA91D208C}.Release|Any CPU.ActiveCfg = Release|Any CPU
		{23272590-28BB-46A0-B9D1-4E8AA91D208C}.Release|Any CPU.Build.0 = Release|Any CPU
		{5C8D8B2B-EA44-4C2B-A934-B119B33F083D}.Debug|Any CPU.ActiveCfg = Debug|Any CPU
		{5C8D8B2B-EA44-4C2B-A934-B119B33F083D}.Debug|Any CPU.Build.0 = Debug|Any CPU
		{5C8D8B2B-EA44-4C2B-A934-B119B33F083D}.Release|Any CPU.ActiveCfg = Release|Any CPU
		{5C8D8B2B-EA44-4C2B-A934-B119B33F083D}.Release|Any CPU.Build.0 = Release|Any CPU
		{DE964D07-AD59-4940-98C8-72AD4CDB4726}.Debug|Any CPU.ActiveCfg = Debug|Any CPU
		{DE964D07-AD59-4940-98C8-72AD4CDB4726}.Debug|Any CPU.Build.0 = Debug|Any CPU
		{DE964D07-AD59-4940-98C8-72AD4CDB4726}.Release|Any CPU.ActiveCfg = Release|Any CPU
		{DE964D07-AD59-4940-98C8-72AD4CDB4726}.Release|Any CPU.Build.0 = Release|Any CPU
		{7DDF1D87-2D75-4493-A6F1-9E0E66F7C350}.Debug|Any CPU.ActiveCfg = Debug|Any CPU
		{7DDF1D87-2D75-4493-A6F1-9E0E66F7C350}.Debug|Any CPU.Build.0 = Debug|Any CPU
		{7DDF1D87-2D75-4493-A6F1-9E0E66F7C350}.Release|Any CPU.ActiveCfg = Release|Any CPU
		{7DDF1D87-2D75-4493-A6F1-9E0E66F7C350}.Release|Any CPU.Build.0 = Release|Any CPU
		{06875E62-AA7D-485D-A654-F7AC561F794A}.Debug|Any CPU.ActiveCfg = Debug|Any CPU
		{06875E62-AA7D-485D-A654-F7AC561F794A}.Debug|Any CPU.Build.0 = Debug|Any CPU
		{06875E62-AA7D-485D-A654-F7AC561F794A}.Release|Any CPU.ActiveCfg = Release|Any CPU
		{06875E62-AA7D-485D-A654-F7AC561F794A}.Release|Any CPU.Build.0 = Release|Any CPU
		{A09B3448-F5D5-4254-ACDD-B4BB4F2A1BBF}.Debug|Any CPU.ActiveCfg = Debug|Any CPU
		{A09B3448-F5D5-4254-ACDD-B4BB4F2A1BBF}.Debug|Any CPU.Build.0 = Debug|Any CPU
		{A09B3448-F5D5-4254-ACDD-B4BB4F2A1BBF}.Release|Any CPU.ActiveCfg = Release|Any CPU
		{A09B3448-F5D5-4254-ACDD-B4BB4F2A1BBF}.Release|Any CPU.Build.0 = Release|Any CPU
		{2DDE4D5E-9CB8-4E01-ABAA-D39DAA018A16}.Debug|Any CPU.ActiveCfg = Debug|Any CPU
		{2DDE4D5E-9CB8-4E01-ABAA-D39DAA018A16}.Debug|Any CPU.Build.0 = Debug|Any CPU
		{2DDE4D5E-9CB8-4E01-ABAA-D39DAA018A16}.Release|Any CPU.ActiveCfg = Release|Any CPU
		{2DDE4D5E-9CB8-4E01-ABAA-D39DAA018A16}.Release|Any CPU.Build.0 = Release|Any CPU
		{0E5363B6-DE8C-42B5-9FD3-A2F02CB67001}.Debug|Any CPU.ActiveCfg = Debug|Any CPU
		{0E5363B6-DE8C-42B5-9FD3-A2F02CB67001}.Debug|Any CPU.Build.0 = Debug|Any CPU
		{0E5363B6-DE8C-42B5-9FD3-A2F02CB67001}.Release|Any CPU.ActiveCfg = Release|Any CPU
		{0E5363B6-DE8C-42B5-9FD3-A2F02CB67001}.Release|Any CPU.Build.0 = Release|Any CPU
		{D3C8EE30-8885-43F4-9C76-0D66A13FC4EA}.Debug|Any CPU.ActiveCfg = Debug|Any CPU
		{D3C8EE30-8885-43F4-9C76-0D66A13FC4EA}.Debug|Any CPU.Build.0 = Debug|Any CPU
		{D3C8EE30-8885-43F4-9C76-0D66A13FC4EA}.Release|Any CPU.ActiveCfg = Release|Any CPU
		{D3C8EE30-8885-43F4-9C76-0D66A13FC4EA}.Release|Any CPU.Build.0 = Release|Any CPU
		{827CDC89-B2BE-41E1-ABC2-792BA5B3A507}.Debug|Any CPU.ActiveCfg = Debug|Any CPU
		{827CDC89-B2BE-41E1-ABC2-792BA5B3A507}.Debug|Any CPU.Build.0 = Debug|Any CPU
		{827CDC89-B2BE-41E1-ABC2-792BA5B3A507}.Release|Any CPU.ActiveCfg = Release|Any CPU
		{827CDC89-B2BE-41E1-ABC2-792BA5B3A507}.Release|Any CPU.Build.0 = Release|Any CPU
		{9DBD9E20-1C7D-4105-85CF-1F21660E1DE9}.Debug|Any CPU.ActiveCfg = Debug|Any CPU
		{9DBD9E20-1C7D-4105-85CF-1F21660E1DE9}.Debug|Any CPU.Build.0 = Debug|Any CPU
		{9DBD9E20-1C7D-4105-85CF-1F21660E1DE9}.Release|Any CPU.ActiveCfg = Release|Any CPU
		{9DBD9E20-1C7D-4105-85CF-1F21660E1DE9}.Release|Any CPU.Build.0 = Release|Any CPU
		{1305FEEC-7DED-46A9-89C2-2544E8BECEA3}.Debug|Any CPU.ActiveCfg = Debug|Any CPU
		{1305FEEC-7DED-46A9-89C2-2544E8BECEA3}.Debug|Any CPU.Build.0 = Debug|Any CPU
		{1305FEEC-7DED-46A9-89C2-2544E8BECEA3}.Release|Any CPU.ActiveCfg = Release|Any CPU
		{1305FEEC-7DED-46A9-89C2-2544E8BECEA3}.Release|Any CPU.Build.0 = Release|Any CPU
		{2B6860EC-C15D-4E56-A5A2-6399F502B4FA}.Debug|Any CPU.ActiveCfg = Debug|Any CPU
		{2B6860EC-C15D-4E56-A5A2-6399F502B4FA}.Debug|Any CPU.Build.0 = Debug|Any CPU
		{2B6860EC-C15D-4E56-A5A2-6399F502B4FA}.Release|Any CPU.ActiveCfg = Release|Any CPU
		{2B6860EC-C15D-4E56-A5A2-6399F502B4FA}.Release|Any CPU.Build.0 = Release|Any CPU
		{D49B7CE5-5292-4EEA-AE1E-5B55C5E059D5}.Debug|Any CPU.ActiveCfg = Debug|Any CPU
		{D49B7CE5-5292-4EEA-AE1E-5B55C5E059D5}.Debug|Any CPU.Build.0 = Debug|Any CPU
		{D49B7CE5-5292-4EEA-AE1E-5B55C5E059D5}.Release|Any CPU.ActiveCfg = Release|Any CPU
		{D49B7CE5-5292-4EEA-AE1E-5B55C5E059D5}.Release|Any CPU.Build.0 = Release|Any CPU
		{80612064-35D2-4FFD-ABCC-2953A84A825F}.Debug|Any CPU.ActiveCfg = Debug|Any CPU
		{80612064-35D2-4FFD-ABCC-2953A84A825F}.Debug|Any CPU.Build.0 = Debug|Any CPU
		{80612064-35D2-4FFD-ABCC-2953A84A825F}.Release|Any CPU.ActiveCfg = Release|Any CPU
		{80612064-35D2-4FFD-ABCC-2953A84A825F}.Release|Any CPU.Build.0 = Release|Any CPU
		{683D55F6-A035-48A5-B989-9B549DB7F53D}.Debug|Any CPU.ActiveCfg = Debug|Any CPU
		{683D55F6-A035-48A5-B989-9B549DB7F53D}.Debug|Any CPU.Build.0 = Debug|Any CPU
		{683D55F6-A035-48A5-B989-9B549DB7F53D}.Release|Any CPU.ActiveCfg = Release|Any CPU
		{683D55F6-A035-48A5-B989-9B549DB7F53D}.Release|Any CPU.Build.0 = Release|Any CPU
		{E2040FD9-5CF1-4500-9D55-D8994F1EF328}.Debug|Any CPU.ActiveCfg = Debug|Any CPU
		{E2040FD9-5CF1-4500-9D55-D8994F1EF328}.Debug|Any CPU.Build.0 = Debug|Any CPU
		{E2040FD9-5CF1-4500-9D55-D8994F1EF328}.Release|Any CPU.ActiveCfg = Release|Any CPU
		{E2040FD9-5CF1-4500-9D55-D8994F1EF328}.Release|Any CPU.Build.0 = Release|Any CPU
		{DE024511-D4E4-4C3D-89DC-37C3A8AA8198}.Debug|Any CPU.ActiveCfg = Debug|Any CPU
		{DE024511-D4E4-4C3D-89DC-37C3A8AA8198}.Debug|Any CPU.Build.0 = Debug|Any CPU
		{DE024511-D4E4-4C3D-89DC-37C3A8AA8198}.Release|Any CPU.ActiveCfg = Release|Any CPU
		{DE024511-D4E4-4C3D-89DC-37C3A8AA8198}.Release|Any CPU.Build.0 = Release|Any CPU
		{2A953FCA-A243-4013-85E5-1CF6B1677BB2}.Debug|Any CPU.ActiveCfg = Debug|Any CPU
		{2A953FCA-A243-4013-85E5-1CF6B1677BB2}.Debug|Any CPU.Build.0 = Debug|Any CPU
		{2A953FCA-A243-4013-85E5-1CF6B1677BB2}.Release|Any CPU.ActiveCfg = Release|Any CPU
		{2A953FCA-A243-4013-85E5-1CF6B1677BB2}.Release|Any CPU.Build.0 = Release|Any CPU
		{DD8B331A-75C8-4F49-88A5-541D6FF88BFF}.Debug|Any CPU.ActiveCfg = Debug|Any CPU
		{DD8B331A-75C8-4F49-88A5-541D6FF88BFF}.Debug|Any CPU.Build.0 = Debug|Any CPU
		{DD8B331A-75C8-4F49-88A5-541D6FF88BFF}.Release|Any CPU.ActiveCfg = Release|Any CPU
		{DD8B331A-75C8-4F49-88A5-541D6FF88BFF}.Release|Any CPU.Build.0 = Release|Any CPU
		{AED8172B-C125-46E9-AA69-A8F18C7914A0}.Debug|Any CPU.ActiveCfg = Debug|Any CPU
		{AED8172B-C125-46E9-AA69-A8F18C7914A0}.Debug|Any CPU.Build.0 = Debug|Any CPU
		{AED8172B-C125-46E9-AA69-A8F18C7914A0}.Release|Any CPU.ActiveCfg = Release|Any CPU
		{AED8172B-C125-46E9-AA69-A8F18C7914A0}.Release|Any CPU.Build.0 = Release|Any CPU
		{530E151F-3B74-4A9A-896E-79B56E10913B}.Debug|Any CPU.ActiveCfg = Debug|Any CPU
		{530E151F-3B74-4A9A-896E-79B56E10913B}.Debug|Any CPU.Build.0 = Debug|Any CPU
		{530E151F-3B74-4A9A-896E-79B56E10913B}.Release|Any CPU.ActiveCfg = Release|Any CPU
		{530E151F-3B74-4A9A-896E-79B56E10913B}.Release|Any CPU.Build.0 = Release|Any CPU
		{0E033582-88DD-4BC6-A3C5-5B68519FB230}.Debug|Any CPU.ActiveCfg = Debug|Any CPU
		{0E033582-88DD-4BC6-A3C5-5B68519FB230}.Debug|Any CPU.Build.0 = Debug|Any CPU
		{0E033582-88DD-4BC6-A3C5-5B68519FB230}.Release|Any CPU.ActiveCfg = Release|Any CPU
		{0E033582-88DD-4BC6-A3C5-5B68519FB230}.Release|Any CPU.Build.0 = Release|Any CPU
		{5AE04F72-8546-4CFD-8420-A30201B29017}.Debug|Any CPU.ActiveCfg = Debug|Any CPU
		{5AE04F72-8546-4CFD-8420-A30201B29017}.Debug|Any CPU.Build.0 = Debug|Any CPU
		{5AE04F72-8546-4CFD-8420-A30201B29017}.Release|Any CPU.ActiveCfg = Release|Any CPU
		{5AE04F72-8546-4CFD-8420-A30201B29017}.Release|Any CPU.Build.0 = Release|Any CPU
		{81D803E8-0E44-4A1A-B494-F7DFAFD7B575}.Debug|Any CPU.ActiveCfg = Debug|Any CPU
		{81D803E8-0E44-4A1A-B494-F7DFAFD7B575}.Debug|Any CPU.Build.0 = Debug|Any CPU
		{81D803E8-0E44-4A1A-B494-F7DFAFD7B575}.Release|Any CPU.ActiveCfg = Release|Any CPU
		{81D803E8-0E44-4A1A-B494-F7DFAFD7B575}.Release|Any CPU.Build.0 = Release|Any CPU
		{7F1EE22F-ABE3-46A7-BA81-DE9E778D9BE4}.Debug|Any CPU.ActiveCfg = Debug|Any CPU
		{7F1EE22F-ABE3-46A7-BA81-DE9E778D9BE4}.Debug|Any CPU.Build.0 = Debug|Any CPU
		{7F1EE22F-ABE3-46A7-BA81-DE9E778D9BE4}.Release|Any CPU.ActiveCfg = Release|Any CPU
		{7F1EE22F-ABE3-46A7-BA81-DE9E778D9BE4}.Release|Any CPU.Build.0 = Release|Any CPU
		{EF7EAD2E-6B2A-46AB-B788-47D3E868E553}.Debug|Any CPU.ActiveCfg = Debug|Any CPU
		{EF7EAD2E-6B2A-46AB-B788-47D3E868E553}.Debug|Any CPU.Build.0 = Debug|Any CPU
		{EF7EAD2E-6B2A-46AB-B788-47D3E868E553}.Release|Any CPU.ActiveCfg = Release|Any CPU
		{EF7EAD2E-6B2A-46AB-B788-47D3E868E553}.Release|Any CPU.Build.0 = Release|Any CPU
		{404161BB-90BF-4DE0-916E-6AC37F45B4E1}.Debug|Any CPU.ActiveCfg = Debug|Any CPU
		{404161BB-90BF-4DE0-916E-6AC37F45B4E1}.Debug|Any CPU.Build.0 = Debug|Any CPU
		{404161BB-90BF-4DE0-916E-6AC37F45B4E1}.Release|Any CPU.ActiveCfg = Release|Any CPU
		{404161BB-90BF-4DE0-916E-6AC37F45B4E1}.Release|Any CPU.Build.0 = Release|Any CPU
		{91FCE068-24D9-4452-9629-40420206620C}.Debug|Any CPU.ActiveCfg = Debug|Any CPU
		{91FCE068-24D9-4452-9629-40420206620C}.Debug|Any CPU.Build.0 = Debug|Any CPU
		{91FCE068-24D9-4452-9629-40420206620C}.Release|Any CPU.ActiveCfg = Release|Any CPU
		{91FCE068-24D9-4452-9629-40420206620C}.Release|Any CPU.Build.0 = Release|Any CPU
		{AE1C0659-7CBF-4DD1-BBFE-D7A2273822E1}.Debug|Any CPU.ActiveCfg = Debug|Any CPU
		{AE1C0659-7CBF-4DD1-BBFE-D7A2273822E1}.Debug|Any CPU.Build.0 = Debug|Any CPU
		{AE1C0659-7CBF-4DD1-BBFE-D7A2273822E1}.Release|Any CPU.ActiveCfg = Release|Any CPU
		{AE1C0659-7CBF-4DD1-BBFE-D7A2273822E1}.Release|Any CPU.Build.0 = Release|Any CPU
		{C7811972-6954-4E90-83AC-6365DDA519B4}.Debug|Any CPU.ActiveCfg = Debug|Any CPU
		{C7811972-6954-4E90-83AC-6365DDA519B4}.Debug|Any CPU.Build.0 = Debug|Any CPU
		{C7811972-6954-4E90-83AC-6365DDA519B4}.Release|Any CPU.ActiveCfg = Release|Any CPU
		{C7811972-6954-4E90-83AC-6365DDA519B4}.Release|Any CPU.Build.0 = Release|Any CPU
		{B090C3E7-7DA0-4CDB-AC9E-903BDCB20DB8}.Debug|Any CPU.ActiveCfg = Debug|Any CPU
		{B090C3E7-7DA0-4CDB-AC9E-903BDCB20DB8}.Debug|Any CPU.Build.0 = Debug|Any CPU
		{B090C3E7-7DA0-4CDB-AC9E-903BDCB20DB8}.Release|Any CPU.ActiveCfg = Release|Any CPU
		{B090C3E7-7DA0-4CDB-AC9E-903BDCB20DB8}.Release|Any CPU.Build.0 = Release|Any CPU
		{AE4D8D13-B58C-4B0F-B326-13D002505E58}.Debug|Any CPU.ActiveCfg = Debug|Any CPU
		{AE4D8D13-B58C-4B0F-B326-13D002505E58}.Debug|Any CPU.Build.0 = Debug|Any CPU
		{AE4D8D13-B58C-4B0F-B326-13D002505E58}.Release|Any CPU.ActiveCfg = Release|Any CPU
		{AE4D8D13-B58C-4B0F-B326-13D002505E58}.Release|Any CPU.Build.0 = Release|Any CPU
		{22D1F704-48D2-495B-8ECD-43DA4F615211}.Debug|Any CPU.ActiveCfg = Debug|Any CPU
		{22D1F704-48D2-495B-8ECD-43DA4F615211}.Debug|Any CPU.Build.0 = Debug|Any CPU
		{22D1F704-48D2-495B-8ECD-43DA4F615211}.Release|Any CPU.ActiveCfg = Release|Any CPU
		{22D1F704-48D2-495B-8ECD-43DA4F615211}.Release|Any CPU.Build.0 = Release|Any CPU
		{4C700A07-C81B-44D5-8C9F-BD874775C57B}.Debug|Any CPU.ActiveCfg = Debug|Any CPU
		{4C700A07-C81B-44D5-8C9F-BD874775C57B}.Debug|Any CPU.Build.0 = Debug|Any CPU
		{4C700A07-C81B-44D5-8C9F-BD874775C57B}.Release|Any CPU.ActiveCfg = Release|Any CPU
		{4C700A07-C81B-44D5-8C9F-BD874775C57B}.Release|Any CPU.Build.0 = Release|Any CPU
		{7F30B89A-FFC5-4645-8273-FF12BCC2BD04}.Debug|Any CPU.ActiveCfg = Debug|Any CPU
		{7F30B89A-FFC5-4645-8273-FF12BCC2BD04}.Debug|Any CPU.Build.0 = Debug|Any CPU
		{7F30B89A-FFC5-4645-8273-FF12BCC2BD04}.Release|Any CPU.ActiveCfg = Release|Any CPU
		{7F30B89A-FFC5-4645-8273-FF12BCC2BD04}.Release|Any CPU.Build.0 = Release|Any CPU
		{1396AC51-E385-4894-A354-9D566189DDEB}.Debug|Any CPU.ActiveCfg = Debug|Any CPU
		{1396AC51-E385-4894-A354-9D566189DDEB}.Debug|Any CPU.Build.0 = Debug|Any CPU
		{1396AC51-E385-4894-A354-9D566189DDEB}.Release|Any CPU.ActiveCfg = Release|Any CPU
		{1396AC51-E385-4894-A354-9D566189DDEB}.Release|Any CPU.Build.0 = Release|Any CPU
		{996E8EDA-D925-45BB-B64A-079381A2BC7A}.Debug|Any CPU.ActiveCfg = Debug|Any CPU
		{996E8EDA-D925-45BB-B64A-079381A2BC7A}.Debug|Any CPU.Build.0 = Debug|Any CPU
		{996E8EDA-D925-45BB-B64A-079381A2BC7A}.Release|Any CPU.ActiveCfg = Release|Any CPU
		{996E8EDA-D925-45BB-B64A-079381A2BC7A}.Release|Any CPU.Build.0 = Release|Any CPU
		{54FEC454-DC25-4700-B315-E576F1860C41}.Debug|Any CPU.ActiveCfg = Debug|Any CPU
		{54FEC454-DC25-4700-B315-E576F1860C41}.Debug|Any CPU.Build.0 = Debug|Any CPU
		{54FEC454-DC25-4700-B315-E576F1860C41}.Release|Any CPU.ActiveCfg = Release|Any CPU
		{54FEC454-DC25-4700-B315-E576F1860C41}.Release|Any CPU.Build.0 = Release|Any CPU
		{BD5C5824-470E-4451-BC21-5E50892905E9}.Debug|Any CPU.ActiveCfg = Debug|Any CPU
		{BD5C5824-470E-4451-BC21-5E50892905E9}.Debug|Any CPU.Build.0 = Debug|Any CPU
		{BD5C5824-470E-4451-BC21-5E50892905E9}.Release|Any CPU.ActiveCfg = Release|Any CPU
		{BD5C5824-470E-4451-BC21-5E50892905E9}.Release|Any CPU.Build.0 = Release|Any CPU
		{AB0EC03A-DC42-448D-BECA-C764DC6461EE}.Debug|Any CPU.ActiveCfg = Debug|Any CPU
		{AB0EC03A-DC42-448D-BECA-C764DC6461EE}.Debug|Any CPU.Build.0 = Debug|Any CPU
		{AB0EC03A-DC42-448D-BECA-C764DC6461EE}.Release|Any CPU.ActiveCfg = Release|Any CPU
		{AB0EC03A-DC42-448D-BECA-C764DC6461EE}.Release|Any CPU.Build.0 = Release|Any CPU
		{20E6E463-CC7E-4A74-98BF-DF956D651360}.Debug|Any CPU.ActiveCfg = Debug|Any CPU
		{20E6E463-CC7E-4A74-98BF-DF956D651360}.Debug|Any CPU.Build.0 = Debug|Any CPU
		{20E6E463-CC7E-4A74-98BF-DF956D651360}.Release|Any CPU.ActiveCfg = Release|Any CPU
		{20E6E463-CC7E-4A74-98BF-DF956D651360}.Release|Any CPU.Build.0 = Release|Any CPU
		{9C74F8EA-E6C7-448C-BC04-29F4CE9DC994}.Debug|Any CPU.ActiveCfg = Debug|Any CPU
		{9C74F8EA-E6C7-448C-BC04-29F4CE9DC994}.Debug|Any CPU.Build.0 = Debug|Any CPU
		{9C74F8EA-E6C7-448C-BC04-29F4CE9DC994}.Release|Any CPU.ActiveCfg = Release|Any CPU
		{9C74F8EA-E6C7-448C-BC04-29F4CE9DC994}.Release|Any CPU.Build.0 = Release|Any CPU
		{ECB83742-8023-4609-B139-D7B78DD66ED9}.Debug|Any CPU.ActiveCfg = Debug|Any CPU
		{ECB83742-8023-4609-B139-D7B78DD66ED9}.Debug|Any CPU.Build.0 = Debug|Any CPU
		{ECB83742-8023-4609-B139-D7B78DD66ED9}.Release|Any CPU.ActiveCfg = Release|Any CPU
		{ECB83742-8023-4609-B139-D7B78DD66ED9}.Release|Any CPU.Build.0 = Release|Any CPU
		{5B7D7569-B5EE-4C01-9AFA-BC1958588160}.Debug|Any CPU.ActiveCfg = Debug|Any CPU
		{5B7D7569-B5EE-4C01-9AFA-BC1958588160}.Debug|Any CPU.Build.0 = Debug|Any CPU
		{5B7D7569-B5EE-4C01-9AFA-BC1958588160}.Release|Any CPU.ActiveCfg = Release|Any CPU
		{5B7D7569-B5EE-4C01-9AFA-BC1958588160}.Release|Any CPU.Build.0 = Release|Any CPU
		{B0474F4F-A6A9-4F10-BC49-CE2957201DBB}.Debug|Any CPU.ActiveCfg = Debug|Any CPU
		{B0474F4F-A6A9-4F10-BC49-CE2957201DBB}.Debug|Any CPU.Build.0 = Debug|Any CPU
		{B0474F4F-A6A9-4F10-BC49-CE2957201DBB}.Release|Any CPU.ActiveCfg = Release|Any CPU
		{B0474F4F-A6A9-4F10-BC49-CE2957201DBB}.Release|Any CPU.Build.0 = Release|Any CPU
	EndGlobalSection
	GlobalSection(SolutionProperties) = preSolution
		HideSolutionNode = FALSE
	EndGlobalSection
	GlobalSection(NestedProjects) = preSolution
		{3B6ED9E7-C19E-4501-AAE6-9BE4EA6C18D7} = {65AB9A87-CEB0-4CC1-BFFE-FBC393C4DA75}
		{A098CF55-9DE1-4C92-ADEC-931CFBFA8536} = {65AB9A87-CEB0-4CC1-BFFE-FBC393C4DA75}
		{E268163A-17EB-4C14-A892-868ADFB3108E} = {65AB9A87-CEB0-4CC1-BFFE-FBC393C4DA75}
		{65AB9A87-CEB0-4CC1-BFFE-FBC393C4DA75} = {DC4EAEF7-A2C9-4628-85FA-809F7287E234}
		{E31F654A-1D4C-4898-8D3C-7A487F82317E} = {AB77CD09-4C32-4F58-8F07-915F8B050520}
		{44E6D9DB-89FD-41C8-BAEB-5B96AA7793F6} = {AB77CD09-4C32-4F58-8F07-915F8B050520}
		{ECFF0F53-89D5-4D7D-95D0-EAC1514D84E8} = {9375FA34-99D0-4E5C-9E21-8B2E2A4AA4CC}
		{68EC2F22-8CE0-4BA0-BA4D-20B00E30A2E0} = {DC4EAEF7-A2C9-4628-85FA-809F7287E234}
		{9375FA34-99D0-4E5C-9E21-8B2E2A4AA4CC} = {DC4EAEF7-A2C9-4628-85FA-809F7287E234}
		{C01C63B7-2195-4A7B-B86C-B7863C9DD5FA} = {C8CABE1E-E5D8-41BF-934F-90F829482376}
		{0489F3AE-F866-4D36-944F-6CCA5D8F2943} = {C8CABE1E-E5D8-41BF-934F-90F829482376}
		{93FA5FAC-0D19-48BF-941F-3E30695702EF} = {F71DFC4B-905A-4D0C-913F-6DB9743695F0}
		{1EF698EE-0A15-4EBB-91CA-624650BFC55A} = {F71DFC4B-905A-4D0C-913F-6DB9743695F0}
		{0D512A3B-2A1D-4D75-B4CB-50ECC186E3A9} = {0E639BE0-953E-4B08-A1EF-DC4CE6AD8E9C}
		{D2C4711B-FB3B-4AA4-B722-6C6D84FE9BA4} = {0E639BE0-953E-4B08-A1EF-DC4CE6AD8E9C}
		{837151EA-5A61-45BA-9B1B-CD6BA6F6B64F} = {0B73A100-46C1-4DCD-9B23-018D67896ED6}
		{2D58971E-C90A-465D-802F-B09A57F15CE2} = {A7AF7E27-F8E0-4713-9538-DDC08C47200B}
		{1E40980B-3B51-48A4-8A2B-FB4729C52E32} = {0B73A100-46C1-4DCD-9B23-018D67896ED6}
		{DBA0F06B-3835-4433-947A-E9904ED48B0A} = {8A157868-2CBB-4EC4-9CCF-6C5CEF30CBA9}
		{A66A5035-72FF-43B3-A12E-A5CDEE878ABD} = {8A157868-2CBB-4EC4-9CCF-6C5CEF30CBA9}
		{9DD18FDC-B1FA-4293-AF22-D3018FD05438} = {3AED2FAF-B33B-4CEC-A409-233740AA240C}
		{2F3F5834-5D8E-479B-A321-B0895B2988C7} = {FB1BB7B4-99A4-4AC1-9345-AF5DC4F045D9}
		{11A91EC2-A022-4575-9AA5-A2EDB76C33CA} = {FB1BB7B4-99A4-4AC1-9345-AF5DC4F045D9}
		{C8CABE1E-E5D8-41BF-934F-90F829482376} = {68EC2F22-8CE0-4BA0-BA4D-20B00E30A2E0}
		{F71DFC4B-905A-4D0C-913F-6DB9743695F0} = {68EC2F22-8CE0-4BA0-BA4D-20B00E30A2E0}
		{A7AF7E27-F8E0-4713-9538-DDC08C47200B} = {F68AD402-4C02-4CAB-9084-DB026E8C2593}
		{0B73A100-46C1-4DCD-9B23-018D67896ED6} = {A7AF7E27-F8E0-4713-9538-DDC08C47200B}
		{8A157868-2CBB-4EC4-9CCF-6C5CEF30CBA9} = {A7AF7E27-F8E0-4713-9538-DDC08C47200B}
		{3AED2FAF-B33B-4CEC-A409-233740AA240C} = {F68AD402-4C02-4CAB-9084-DB026E8C2593}
		{FB1BB7B4-99A4-4AC1-9345-AF5DC4F045D9} = {3AED2FAF-B33B-4CEC-A409-233740AA240C}
		{0E639BE0-953E-4B08-A1EF-DC4CE6AD8E9C} = {68EC2F22-8CE0-4BA0-BA4D-20B00E30A2E0}
		{651B4BEC-2CC4-4B0D-9452-411A25562DB6} = {3AED2FAF-B33B-4CEC-A409-233740AA240C}
		{9594549C-3DF8-453F-A4AA-CCAD2BA0BCE8} = {651B4BEC-2CC4-4B0D-9452-411A25562DB6}
		{23272590-28BB-46A0-B9D1-4E8AA91D208C} = {651B4BEC-2CC4-4B0D-9452-411A25562DB6}
		{61A3341C-57E6-4C02-BDA1-13ACE585BB4A} = {F68AD402-4C02-4CAB-9084-DB026E8C2593}
		{5C8D8B2B-EA44-4C2B-A934-B119B33F083D} = {61A3341C-57E6-4C02-BDA1-13ACE585BB4A}
		{19217AA9-4EF3-4F37-8664-EBC16FF99D42} = {61A3341C-57E6-4C02-BDA1-13ACE585BB4A}
		{BF4B9B19-3335-4D90-92C2-362650920629} = {61A3341C-57E6-4C02-BDA1-13ACE585BB4A}
		{F68AD402-4C02-4CAB-9084-DB026E8C2593} = {68EC2F22-8CE0-4BA0-BA4D-20B00E30A2E0}
		{DE964D07-AD59-4940-98C8-72AD4CDB4726} = {19217AA9-4EF3-4F37-8664-EBC16FF99D42}
		{7DDF1D87-2D75-4493-A6F1-9E0E66F7C350} = {19217AA9-4EF3-4F37-8664-EBC16FF99D42}
		{06875E62-AA7D-485D-A654-F7AC561F794A} = {BF4B9B19-3335-4D90-92C2-362650920629}
		{A09B3448-F5D5-4254-ACDD-B4BB4F2A1BBF} = {BF4B9B19-3335-4D90-92C2-362650920629}
		{011210AA-E610-412F-8429-9A0A1A535F1D} = {C3FB27E9-C8EE-4F76-B0AA-7CD67A7E652B}
		{6D60DBCE-E362-489E-B78F-9DABAF03F5FD} = {C3FB27E9-C8EE-4F76-B0AA-7CD67A7E652B}
		{2BF6DA5F-ECCB-4DD3-936D-AF491EA0737E} = {C3FB27E9-C8EE-4F76-B0AA-7CD67A7E652B}
		{20698A66-3CA3-4400-879F-76604C97D6EA} = {C3FB27E9-C8EE-4F76-B0AA-7CD67A7E652B}
		{880D64DA-1F67-4406-A86A-B97464B0380E} = {C3FB27E9-C8EE-4F76-B0AA-7CD67A7E652B}
		{D7541FAE-D6D7-41AD-B0D6-A83A1B8A628D} = {C3FB27E9-C8EE-4F76-B0AA-7CD67A7E652B}
		{FDCF8D27-D24F-41BB-8A21-22D83D062E9F} = {CDA94F62-E35A-4913-8045-D9D42416513C}
		{2DDE4D5E-9CB8-4E01-ABAA-D39DAA018A16} = {011210AA-E610-412F-8429-9A0A1A535F1D}
		{0E5363B6-DE8C-42B5-9FD3-A2F02CB67001} = {011210AA-E610-412F-8429-9A0A1A535F1D}
		{D3C8EE30-8885-43F4-9C76-0D66A13FC4EA} = {011210AA-E610-412F-8429-9A0A1A535F1D}
		{827CDC89-B2BE-41E1-ABC2-792BA5B3A507} = {2BF6DA5F-ECCB-4DD3-936D-AF491EA0737E}
		{9DBD9E20-1C7D-4105-85CF-1F21660E1DE9} = {2BF6DA5F-ECCB-4DD3-936D-AF491EA0737E}
		{1305FEEC-7DED-46A9-89C2-2544E8BECEA3} = {20698A66-3CA3-4400-879F-76604C97D6EA}
		{2B6860EC-C15D-4E56-A5A2-6399F502B4FA} = {20698A66-3CA3-4400-879F-76604C97D6EA}
		{D49B7CE5-5292-4EEA-AE1E-5B55C5E059D5} = {20698A66-3CA3-4400-879F-76604C97D6EA}
		{80612064-35D2-4FFD-ABCC-2953A84A825F} = {6D60DBCE-E362-489E-B78F-9DABAF03F5FD}
		{683D55F6-A035-48A5-B989-9B549DB7F53D} = {6D60DBCE-E362-489E-B78F-9DABAF03F5FD}
		{E2040FD9-5CF1-4500-9D55-D8994F1EF328} = {880D64DA-1F67-4406-A86A-B97464B0380E}
		{DE024511-D4E4-4C3D-89DC-37C3A8AA8198} = {880D64DA-1F67-4406-A86A-B97464B0380E}
		{2A953FCA-A243-4013-85E5-1CF6B1677BB2} = {C3FB27E9-C8EE-4F76-B0AA-7CD67A7E652B}
		{DD8B331A-75C8-4F49-88A5-541D6FF88BFF} = {C3FB27E9-C8EE-4F76-B0AA-7CD67A7E652B}
		{AED8172B-C125-46E9-AA69-A8F18C7914A0} = {C3FB27E9-C8EE-4F76-B0AA-7CD67A7E652B}
		{530E151F-3B74-4A9A-896E-79B56E10913B} = {C3FB27E9-C8EE-4F76-B0AA-7CD67A7E652B}
		{0E033582-88DD-4BC6-A3C5-5B68519FB230} = {A54A1AB7-DBD6-4C31-A22E-C53674137C53}
		{5AE04F72-8546-4CFD-8420-A30201B29017} = {FDCF8D27-D24F-41BB-8A21-22D83D062E9F}
		{81D803E8-0E44-4A1A-B494-F7DFAFD7B575} = {FDCF8D27-D24F-41BB-8A21-22D83D062E9F}
		{7F1EE22F-ABE3-46A7-BA81-DE9E778D9BE4} = {FDCF8D27-D24F-41BB-8A21-22D83D062E9F}
		{EF7EAD2E-6B2A-46AB-B788-47D3E868E553} = {CDA94F62-E35A-4913-8045-D9D42416513C}
		{404161BB-90BF-4DE0-916E-6AC37F45B4E1} = {D7541FAE-D6D7-41AD-B0D6-A83A1B8A628D}
		{91FCE068-24D9-4452-9629-40420206620C} = {D7541FAE-D6D7-41AD-B0D6-A83A1B8A628D}
		{AE1C0659-7CBF-4DD1-BBFE-D7A2273822E1} = {CDA94F62-E35A-4913-8045-D9D42416513C}
		{D4494BA9-BD06-4A1D-95B2-A4E10724593F} = {CDA94F62-E35A-4913-8045-D9D42416513C}
		{C7811972-6954-4E90-83AC-6365DDA519B4} = {D4494BA9-BD06-4A1D-95B2-A4E10724593F}
		{B090C3E7-7DA0-4CDB-AC9E-903BDCB20DB8} = {D4494BA9-BD06-4A1D-95B2-A4E10724593F}
		{AE4D8D13-B58C-4B0F-B326-13D002505E58} = {CDA94F62-E35A-4913-8045-D9D42416513C}
		{01759F21-28C9-4934-A4DC-B9948C9DB803} = {CDA94F62-E35A-4913-8045-D9D42416513C}
		{22D1F704-48D2-495B-8ECD-43DA4F615211} = {01759F21-28C9-4934-A4DC-B9948C9DB803}
		{4C700A07-C81B-44D5-8C9F-BD874775C57B} = {01759F21-28C9-4934-A4DC-B9948C9DB803}
		{01998C95-7806-4BED-811D-70D4F8B1E112} = {C3FB27E9-C8EE-4F76-B0AA-7CD67A7E652B}
		{7F30B89A-FFC5-4645-8273-FF12BCC2BD04} = {01998C95-7806-4BED-811D-70D4F8B1E112}
		{1396AC51-E385-4894-A354-9D566189DDEB} = {01998C95-7806-4BED-811D-70D4F8B1E112}
		{996E8EDA-D925-45BB-B64A-079381A2BC7A} = {CDA94F62-E35A-4913-8045-D9D42416513C}
		{64885FF2-EE63-4433-A890-7903B9E8AFBC} = {CDA94F62-E35A-4913-8045-D9D42416513C}
		{54FEC454-DC25-4700-B315-E576F1860C41} = {64885FF2-EE63-4433-A890-7903B9E8AFBC}
		{BD5C5824-470E-4451-BC21-5E50892905E9} = {64885FF2-EE63-4433-A890-7903B9E8AFBC}
		{8E328BEA-C8D7-4F4B-A357-4A84CAF76EDE} = {CDA94F62-E35A-4913-8045-D9D42416513C}
		{AB0EC03A-DC42-448D-BECA-C764DC6461EE} = {8E328BEA-C8D7-4F4B-A357-4A84CAF76EDE}
		{20E6E463-CC7E-4A74-98BF-DF956D651360} = {8E328BEA-C8D7-4F4B-A357-4A84CAF76EDE}
		{9C74F8EA-E6C7-448C-BC04-29F4CE9DC994} = {8E328BEA-C8D7-4F4B-A357-4A84CAF76EDE}
		{8E1C9AEC-6EF1-43A8-A378-52C5C0E40532} = {CDA94F62-E35A-4913-8045-D9D42416513C}
		{ECB83742-8023-4609-B139-D7B78DD66ED9} = {8E1C9AEC-6EF1-43A8-A378-52C5C0E40532}
		{5B7D7569-B5EE-4C01-9AFA-BC1958588160} = {8E1C9AEC-6EF1-43A8-A378-52C5C0E40532}
		{B0474F4F-A6A9-4F10-BC49-CE2957201DBB} = {C3FB27E9-C8EE-4F76-B0AA-7CD67A7E652B}
	EndGlobalSection
	GlobalSection(ExtensibilityGlobals) = postSolution
		SolutionGuid = {7075E20E-F8B5-460C-8CF0-132F617F386C}
	EndGlobalSection
EndGlobal
